
Microsoft Visual Studio Solution File, Format Version 12.00
Project("{2150E333-8FDC-42A3-9474-1A3956D46DE8}") = "src", "src", "{D267C8F6-9A08-4EC4-B0CB-AAE6BF1A4B06}"
EndProject
Project("{2150E333-8FDC-42A3-9474-1A3956D46DE8}") = "test", "test", "{25C1FB4E-B1BD-4715-A692-D79773E4EF6B}"
EndProject
Project("{2150E333-8FDC-42A3-9474-1A3956D46DE8}") = "UI", "UI", "{F523D723-BD34-4CFA-9531-6F25AFB39A28}"
EndProject
Project("{2150E333-8FDC-42A3-9474-1A3956D46DE8}") = "API", "API", "{6D4EA531-8247-4B75-BEC6-6B952B18D3B3}"
EndProject
Project("{2150E333-8FDC-42A3-9474-1A3956D46DE8}") = "Core", "Core", "{A813B22B-A31C-44DA-96CC-F7F45A2D5399}"
EndProject
Project("{2150E333-8FDC-42A3-9474-1A3956D46DE8}") = "Infrastructure", "Infrastructure", "{DBC47BD8-BAFC-4AE6-8356-89EBFA204E5F}"
EndProject
Project("{FAE04EC0-301F-11D3-BF4B-00C04F79EFBC}") = "HR.LeaveManagement.Domain", "HR.LeaveManagement.Domain\HR.LeaveManagement.Domain.csproj", "{73B2665D-1894-4005-8D8E-FE4DB405EB0D}"
EndProject
Project("{FAE04EC0-301F-11D3-BF4B-00C04F79EFBC}") = "HR.LeaveManagement.Application", "HR.LeaveManagement.Application\HR.LeaveManagement.Application.csproj", "{57AEEE0A-A6B6-4C21-A939-9096407A15ED}"
EndProject
Project("{FAE04EC0-301F-11D3-BF4B-00C04F79EFBC}") = "HR.LeaveManagement.Persistence", "HR.LeaveManagement.Persistence\HR.LeaveManagement.Persistence.csproj", "{0797F0C8-2E43-43D7-A259-4627248E6E6A}"
EndProject
Project("{FAE04EC0-301F-11D3-BF4B-00C04F79EFBC}") = "HR.LeaveManagement.Infrastructure", "HR.LeaveManagement.Infrastructure\HR.LeaveManagement.Infrastructure.csproj", "{FFFE1331-FE33-40EC-9D65-CFB7D417FE9C}"
EndProject
Global
	GlobalSection(SolutionConfigurationPlatforms) = preSolution
		Debug|Any CPU = Debug|Any CPU
		Release|Any CPU = Release|Any CPU
	EndGlobalSection
	GlobalSection(NestedProjects) = preSolution
		{F523D723-BD34-4CFA-9531-6F25AFB39A28} = {D267C8F6-9A08-4EC4-B0CB-AAE6BF1A4B06}
		{6D4EA531-8247-4B75-BEC6-6B952B18D3B3} = {D267C8F6-9A08-4EC4-B0CB-AAE6BF1A4B06}
		{A813B22B-A31C-44DA-96CC-F7F45A2D5399} = {D267C8F6-9A08-4EC4-B0CB-AAE6BF1A4B06}
		{DBC47BD8-BAFC-4AE6-8356-89EBFA204E5F} = {D267C8F6-9A08-4EC4-B0CB-AAE6BF1A4B06}
		{73B2665D-1894-4005-8D8E-FE4DB405EB0D} = {A813B22B-A31C-44DA-96CC-F7F45A2D5399}
		{57AEEE0A-A6B6-4C21-A939-9096407A15ED} = {A813B22B-A31C-44DA-96CC-F7F45A2D5399}
		{0797F0C8-2E43-43D7-A259-4627248E6E6A} = {DBC47BD8-BAFC-4AE6-8356-89EBFA204E5F}
		{FFFE1331-FE33-40EC-9D65-CFB7D417FE9C} = {DBC47BD8-BAFC-4AE6-8356-89EBFA204E5F}
	EndGlobalSection
	GlobalSection(ProjectConfigurationPlatforms) = postSolution
		{73B2665D-1894-4005-8D8E-FE4DB405EB0D}.Debug|Any CPU.ActiveCfg = Debug|Any CPU
		{73B2665D-1894-4005-8D8E-FE4DB405EB0D}.Debug|Any CPU.Build.0 = Debug|Any CPU
		{73B2665D-1894-4005-8D8E-FE4DB405EB0D}.Release|Any CPU.ActiveCfg = Release|Any CPU
		{73B2665D-1894-4005-8D8E-FE4DB405EB0D}.Release|Any CPU.Build.0 = Release|Any CPU
		{57AEEE0A-A6B6-4C21-A939-9096407A15ED}.Debug|Any CPU.ActiveCfg = Debug|Any CPU
		{57AEEE0A-A6B6-4C21-A939-9096407A15ED}.Debug|Any CPU.Build.0 = Debug|Any CPU
		{57AEEE0A-A6B6-4C21-A939-9096407A15ED}.Release|Any CPU.ActiveCfg = Release|Any CPU
		{57AEEE0A-A6B6-4C21-A939-9096407A15ED}.Release|Any CPU.Build.0 = Release|Any CPU
		{0797F0C8-2E43-43D7-A259-4627248E6E6A}.Debug|Any CPU.ActiveCfg = Debug|Any CPU
		{0797F0C8-2E43-43D7-A259-4627248E6E6A}.Debug|Any CPU.Build.0 = Debug|Any CPU
		{0797F0C8-2E43-43D7-A259-4627248E6E6A}.Release|Any CPU.ActiveCfg = Release|Any CPU
		{0797F0C8-2E43-43D7-A259-4627248E6E6A}.Release|Any CPU.Build.0 = Release|Any CPU
		{FFFE1331-FE33-40EC-9D65-CFB7D417FE9C}.Debug|Any CPU.ActiveCfg = Debug|Any CPU
		{FFFE1331-FE33-40EC-9D65-CFB7D417FE9C}.Debug|Any CPU.Build.0 = Debug|Any CPU
		{FFFE1331-FE33-40EC-9D65-CFB7D417FE9C}.Release|Any CPU.ActiveCfg = Release|Any CPU
		{FFFE1331-FE33-40EC-9D65-CFB7D417FE9C}.Release|Any CPU.Build.0 = Release|Any CPU
	EndGlobalSection
EndGlobal
